
Microsoft Visual Studio Solution File, Format Version 12.00
# Visual Studio Version 17
VisualStudioVersion = 17.5.33516.290
MinimumVisualStudioVersion = 10.0.40219.1
Project("{9A19103F-16F7-4668-BE54-9A1E7A4F7556}") = "EntityRelations", "EntityRelations\EntityRelations.csproj", "{F96E054D-1D74-403D-BDF6-79149B3418E5}"
EndProject
Project("{9A19103F-16F7-4668-BE54-9A1E7A4F7556}") = "EntityRelationsTests", "EntityRelationsTests\EntityRelationsTests.csproj", "{7C952EE7-0916-405E-8D69-162D492BFD1D}"
EndProject
Project("{9A19103F-16F7-4668-BE54-9A1E7A4F7556}") = "GuaToCharacterGenerating", "GuaToCharacterGenerating\GuaToCharacterGenerating.csproj", "{5A38D047-50FB-4D0C-A1C9-21F539386D84}"
EndProject
Project("{2150E333-8FDC-42A3-9474-1A3956D46DE8}") = "UseCases", "UseCases", "{E12DB7DB-6E25-43B5-8B60-1A0B5F5D6991}"
EndProject
Project("{FAE04EC0-301F-11D3-BF4B-00C04F79EFBC}") = "UseCasesOfEntityWuxing", "UseCasesOfEntityWuxing\UseCasesOfEntityWuxing.csproj", "{0CBCCDAE-7B9F-4EB5-9C28-0DC62E5FC4A0}"
EndProject
Project("{FAE04EC0-301F-11D3-BF4B-00C04F79EFBC}") = "ResultTableOfEntityWuxing", "ResultTableOfEntityWuxing\ResultTableOfEntityWuxing.csproj", "{470FA142-F518-4AC5-9E63-17E568B42B2E}"
EndProject
Project("{FAE04EC0-301F-11D3-BF4B-00C04F79EFBC}") = "UseCasesOfEntityYinyang", "UseCasesOfEntityYinyang\UseCasesOfEntityYinyang.csproj", "{E715F99A-2408-4290-8837-F0D32744B899}"
EndProject
Project("{FAE04EC0-301F-11D3-BF4B-00C04F79EFBC}") = "ResultTableOfEntityYinyang", "ResultTableOfEntityYinyang\ResultTableOfEntityYinyang.csproj", "{C544C401-3E41-4117-A75D-B391E3F03DD0}"
EndProject
Project("{FAE04EC0-301F-11D3-BF4B-00C04F79EFBC}") = "UseCasesOfWuxingRelationship", "UseCasesOfWuxingRelationship\UseCasesOfWuxingRelationship.csproj", "{235AF014-34C1-4A10-922C-43FC96F25390}"
EndProject
Project("{FAE04EC0-301F-11D3-BF4B-00C04F79EFBC}") = "ResultTableOfWuxingRelationship", "ResultTableOfWuxingRelationship\ResultTableOfWuxingRelationship.csproj", "{642621D8-0CE8-4E26-8DCD-BDCB9D8C7058}"
EndProject
Project("{FAE04EC0-301F-11D3-BF4B-00C04F79EFBC}") = "UseCasesOfGuaDeriving", "UseCasesOfGuaDeriving\UseCasesOfGuaDeriving.csproj", "{C47A5A2F-AE41-498D-A522-8E934256C4BA}"
EndProject
Project("{FAE04EC0-301F-11D3-BF4B-00C04F79EFBC}") = "UseCasesOfGuaToCharacter", "UseCasesOfGuaToText\UseCasesOfGuaToCharacter.csproj", "{D871E95F-D359-4772-83FD-BACD3DEDA654}"
EndProject
Global
	GlobalSection(SolutionConfigurationPlatforms) = preSolution
		Debug|Any CPU = Debug|Any CPU
		Release|Any CPU = Release|Any CPU
	EndGlobalSection
	GlobalSection(ProjectConfigurationPlatforms) = postSolution
		{F96E054D-1D74-403D-BDF6-79149B3418E5}.Debug|Any CPU.ActiveCfg = Debug|Any CPU
		{F96E054D-1D74-403D-BDF6-79149B3418E5}.Debug|Any CPU.Build.0 = Debug|Any CPU
		{F96E054D-1D74-403D-BDF6-79149B3418E5}.Release|Any CPU.ActiveCfg = Release|Any CPU
		{F96E054D-1D74-403D-BDF6-79149B3418E5}.Release|Any CPU.Build.0 = Release|Any CPU
		{7C952EE7-0916-405E-8D69-162D492BFD1D}.Debug|Any CPU.ActiveCfg = Debug|Any CPU
		{7C952EE7-0916-405E-8D69-162D492BFD1D}.Debug|Any CPU.Build.0 = Debug|Any CPU
		{7C952EE7-0916-405E-8D69-162D492BFD1D}.Release|Any CPU.ActiveCfg = Release|Any CPU
		{7C952EE7-0916-405E-8D69-162D492BFD1D}.Release|Any CPU.Build.0 = Release|Any CPU
		{5A38D047-50FB-4D0C-A1C9-21F539386D84}.Debug|Any CPU.ActiveCfg = Debug|Any CPU
		{5A38D047-50FB-4D0C-A1C9-21F539386D84}.Debug|Any CPU.Build.0 = Debug|Any CPU
		{5A38D047-50FB-4D0C-A1C9-21F539386D84}.Release|Any CPU.ActiveCfg = Release|Any CPU
		{5A38D047-50FB-4D0C-A1C9-21F539386D84}.Release|Any CPU.Build.0 = Release|Any CPU
		{0CBCCDAE-7B9F-4EB5-9C28-0DC62E5FC4A0}.Debug|Any CPU.ActiveCfg = Debug|Any CPU
		{0CBCCDAE-7B9F-4EB5-9C28-0DC62E5FC4A0}.Debug|Any CPU.Build.0 = Debug|Any CPU
		{0CBCCDAE-7B9F-4EB5-9C28-0DC62E5FC4A0}.Release|Any CPU.ActiveCfg = Release|Any CPU
		{0CBCCDAE-7B9F-4EB5-9C28-0DC62E5FC4A0}.Release|Any CPU.Build.0 = Release|Any CPU
		{470FA142-F518-4AC5-9E63-17E568B42B2E}.Debug|Any CPU.ActiveCfg = Debug|Any CPU
		{470FA142-F518-4AC5-9E63-17E568B42B2E}.Debug|Any CPU.Build.0 = Debug|Any CPU
		{470FA142-F518-4AC5-9E63-17E568B42B2E}.Release|Any CPU.ActiveCfg = Release|Any CPU
		{470FA142-F518-4AC5-9E63-17E568B42B2E}.Release|Any CPU.Build.0 = Release|Any CPU
		{E715F99A-2408-4290-8837-F0D32744B899}.Debug|Any CPU.ActiveCfg = Debug|Any CPU
		{E715F99A-2408-4290-8837-F0D32744B899}.Debug|Any CPU.Build.0 = Debug|Any CPU
		{E715F99A-2408-4290-8837-F0D32744B899}.Release|Any CPU.ActiveCfg = Release|Any CPU
		{E715F99A-2408-4290-8837-F0D32744B899}.Release|Any CPU.Build.0 = Release|Any CPU
		{C544C401-3E41-4117-A75D-B391E3F03DD0}.Debug|Any CPU.ActiveCfg = Debug|Any CPU
		{C544C401-3E41-4117-A75D-B391E3F03DD0}.Debug|Any CPU.Build.0 = Debug|Any CPU
		{C544C401-3E41-4117-A75D-B391E3F03DD0}.Release|Any CPU.ActiveCfg = Release|Any CPU
		{C544C401-3E41-4117-A75D-B391E3F03DD0}.Release|Any CPU.Build.0 = Release|Any CPU
		{235AF014-34C1-4A10-922C-43FC96F25390}.Debug|Any CPU.ActiveCfg = Debug|Any CPU
		{235AF014-34C1-4A10-922C-43FC96F25390}.Debug|Any CPU.Build.0 = Debug|Any CPU
		{235AF014-34C1-4A10-922C-43FC96F25390}.Release|Any CPU.ActiveCfg = Release|Any CPU
		{235AF014-34C1-4A10-922C-43FC96F25390}.Release|Any CPU.Build.0 = Release|Any CPU
		{642621D8-0CE8-4E26-8DCD-BDCB9D8C7058}.Debug|Any CPU.ActiveCfg = Debug|Any CPU
		{642621D8-0CE8-4E26-8DCD-BDCB9D8C7058}.Debug|Any CPU.Build.0 = Debug|Any CPU
		{642621D8-0CE8-4E26-8DCD-BDCB9D8C7058}.Release|Any CPU.ActiveCfg = Release|Any CPU
		{642621D8-0CE8-4E26-8DCD-BDCB9D8C7058}.Release|Any CPU.Build.0 = Release|Any CPU
		{C47A5A2F-AE41-498D-A522-8E934256C4BA}.Debug|Any CPU.ActiveCfg = Debug|Any CPU
		{C47A5A2F-AE41-498D-A522-8E934256C4BA}.Debug|Any CPU.Build.0 = Debug|Any CPU
		{C47A5A2F-AE41-498D-A522-8E934256C4BA}.Release|Any CPU.ActiveCfg = Release|Any CPU
		{C47A5A2F-AE41-498D-A522-8E934256C4BA}.Release|Any CPU.Build.0 = Release|Any CPU
		{D871E95F-D359-4772-83FD-BACD3DEDA654}.Debug|Any CPU.ActiveCfg = Debug|Any CPU
		{D871E95F-D359-4772-83FD-BACD3DEDA654}.Debug|Any CPU.Build.0 = Debug|Any CPU
		{D871E95F-D359-4772-83FD-BACD3DEDA654}.Release|Any CPU.ActiveCfg = Release|Any CPU
		{D871E95F-D359-4772-83FD-BACD3DEDA654}.Release|Any CPU.Build.0 = Release|Any CPU
	EndGlobalSection
	GlobalSection(SolutionProperties) = preSolution
		HideSolutionNode = FALSE
	EndGlobalSection
	GlobalSection(NestedProjects) = preSolution
		{0CBCCDAE-7B9F-4EB5-9C28-0DC62E5FC4A0} = {E12DB7DB-6E25-43B5-8B60-1A0B5F5D6991}
		{470FA142-F518-4AC5-9E63-17E568B42B2E} = {E12DB7DB-6E25-43B5-8B60-1A0B5F5D6991}
		{E715F99A-2408-4290-8837-F0D32744B899} = {E12DB7DB-6E25-43B5-8B60-1A0B5F5D6991}
		{C544C401-3E41-4117-A75D-B391E3F03DD0} = {E12DB7DB-6E25-43B5-8B60-1A0B5F5D6991}
		{235AF014-34C1-4A10-922C-43FC96F25390} = {E12DB7DB-6E25-43B5-8B60-1A0B5F5D6991}
		{642621D8-0CE8-4E26-8DCD-BDCB9D8C7058} = {E12DB7DB-6E25-43B5-8B60-1A0B5F5D6991}
		{C47A5A2F-AE41-498D-A522-8E934256C4BA} = {E12DB7DB-6E25-43B5-8B60-1A0B5F5D6991}
		{D871E95F-D359-4772-83FD-BACD3DEDA654} = {E12DB7DB-6E25-43B5-8B60-1A0B5F5D6991}
	EndGlobalSection
	GlobalSection(ExtensibilityGlobals) = postSolution
		SolutionGuid = {E9EF0FA2-BCF5-4731-BAC8-0EACE54CC693}
	EndGlobalSection
EndGlobal
