
Microsoft Visual Studio Solution File, Format Version 12.00
# Visual Studio Version 17
VisualStudioVersion = 17.5.33516.290
MinimumVisualStudioVersion = 10.0.40219.1
Project("{9A19103F-16F7-4668-BE54-9A1E7A4F7556}") = "EntityRelations", "EntityRelations\EntityRelations.csproj", "{F96E054D-1D74-403D-BDF6-79149B3418E5}"
EndProject
Project("{9A19103F-16F7-4668-BE54-9A1E7A4F7556}") = "EntityRelationsTests", "EntityRelationsTests\EntityRelationsTests.csproj", "{7C952EE7-0916-405E-8D69-162D492BFD1D}"
EndProject
Project("{9A19103F-16F7-4668-BE54-9A1E7A4F7556}") = "GuaToCharacterGenerating", "GuaToCharacterGenerating\GuaToCharacterGenerating.csproj", "{5A38D047-50FB-4D0C-A1C9-21F539386D84}"
EndProject
Global
	GlobalSection(SolutionConfigurationPlatforms) = preSolution
		Debug|Any CPU = Debug|Any CPU
		Release|Any CPU = Release|Any CPU
	EndGlobalSection
	GlobalSection(ProjectConfigurationPlatforms) = postSolution
		{F96E054D-1D74-403D-BDF6-79149B3418E5}.Debug|Any CPU.ActiveCfg = Debug|Any CPU
		{F96E054D-1D74-403D-BDF6-79149B3418E5}.Debug|Any CPU.Build.0 = Debug|Any CPU
		{F96E054D-1D74-403D-BDF6-79149B3418E5}.Release|Any CPU.ActiveCfg = Release|Any CPU
		{F96E054D-1D74-403D-BDF6-79149B3418E5}.Release|Any CPU.Build.0 = Release|Any CPU
		{7C952EE7-0916-405E-8D69-162D492BFD1D}.Debug|Any CPU.ActiveCfg = Debug|Any CPU
		{7C952EE7-0916-405E-8D69-162D492BFD1D}.Debug|Any CPU.Build.0 = Debug|Any CPU
		{7C952EE7-0916-405E-8D69-162D492BFD1D}.Release|Any CPU.ActiveCfg = Release|Any CPU
		{7C952EE7-0916-405E-8D69-162D492BFD1D}.Release|Any CPU.Build.0 = Release|Any CPU
		{5A38D047-50FB-4D0C-A1C9-21F539386D84}.Debug|Any CPU.ActiveCfg = Debug|Any CPU
		{5A38D047-50FB-4D0C-A1C9-21F539386D84}.Debug|Any CPU.Build.0 = Debug|Any CPU
		{5A38D047-50FB-4D0C-A1C9-21F539386D84}.Release|Any CPU.ActiveCfg = Release|Any CPU
		{5A38D047-50FB-4D0C-A1C9-21F539386D84}.Release|Any CPU.Build.0 = Release|Any CPU
	EndGlobalSection
	GlobalSection(SolutionProperties) = preSolution
		HideSolutionNode = FALSE
	EndGlobalSection
	GlobalSection(ExtensibilityGlobals) = postSolution
		SolutionGuid = {E9EF0FA2-BCF5-4731-BAC8-0EACE54CC693}
	EndGlobalSection
EndGlobal
